
Microsoft Visual Studio Solution File, Format Version 12.00
# Visual Studio Version 17
VisualStudioVersion = 17.3.32811.315
MinimumVisualStudioVersion = 10.0.40219.1
Project("{9A19103F-16F7-4668-BE54-9A1E7A4F7556}") = "EnumerableTest", "testes\EnumerableTest.csproj", "{C0BA5725-3170-4569-A217-49ECD2D28207}"
EndProject
Project("{9A19103F-16F7-4668-BE54-9A1E7A4F7556}") = "TestProject", "TestProject\TestProject.csproj", "{6FAD1598-3024-484B-8B99-3364E00513B0}"
EndProject
Global
	GlobalSection(SolutionConfigurationPlatforms) = preSolution
		Debug|Any CPU = Debug|Any CPU
		Release|Any CPU = Release|Any CPU
	EndGlobalSection
	GlobalSection(ProjectConfigurationPlatforms) = postSolution
		{C0BA5725-3170-4569-A217-49ECD2D28207}.Debug|Any CPU.ActiveCfg = Debug|Any CPU
		{C0BA5725-3170-4569-A217-49ECD2D28207}.Debug|Any CPU.Build.0 = Debug|Any CPU
		{C0BA5725-3170-4569-A217-49ECD2D28207}.Release|Any CPU.ActiveCfg = Release|Any CPU
		{C0BA5725-3170-4569-A217-49ECD2D28207}.Release|Any CPU.Build.0 = Release|Any CPU
		{6FAD1598-3024-484B-8B99-3364E00513B0}.Debug|Any CPU.ActiveCfg = Debug|Any CPU
		{6FAD1598-3024-484B-8B99-3364E00513B0}.Debug|Any CPU.Build.0 = Debug|Any CPU
		{6FAD1598-3024-484B-8B99-3364E00513B0}.Release|Any CPU.ActiveCfg = Release|Any CPU
		{6FAD1598-3024-484B-8B99-3364E00513B0}.Release|Any CPU.Build.0 = Release|Any CPU
	EndGlobalSection
	GlobalSection(SolutionProperties) = preSolution
		HideSolutionNode = FALSE
	EndGlobalSection
	GlobalSection(ExtensibilityGlobals) = postSolution
		SolutionGuid = {410AA479-CB13-49E5-882D-6B90F799DA20}
	EndGlobalSection
EndGlobal
